
Microsoft Visual Studio Solution File, Format Version 12.00
# Visual Studio 15
VisualStudioVersion = 15.0.27703.1
MinimumVisualStudioVersion = 10.0.40219.1
Project("{8BC9CEB8-8B4A-11D0-8D11-00A0C91BC942}") = "Mail_tcp_client", "Mail_tcp_client\Mail_tcp_client.vcxproj", "{7820CA12-6236-40DC-9CD7-9B57E7E128AF}"
EndProject
Global
	GlobalSection(SolutionConfigurationPlatforms) = preSolution
		Debug|ARM = Debug|ARM
		Debug|x64 = Debug|x64
		Debug|x86 = Debug|x86
		Release|ARM = Release|ARM
		Release|x64 = Release|x64
		Release|x86 = Release|x86
	EndGlobalSection
	GlobalSection(ProjectConfigurationPlatforms) = postSolution
		{7820CA12-6236-40DC-9CD7-9B57E7E128AF}.Debug|ARM.ActiveCfg = Debug|ARM
		{7820CA12-6236-40DC-9CD7-9B57E7E128AF}.Debug|ARM.Build.0 = Debug|ARM
		{7820CA12-6236-40DC-9CD7-9B57E7E128AF}.Debug|x64.ActiveCfg = Debug|x64
		{7820CA12-6236-40DC-9CD7-9B57E7E128AF}.Debug|x64.Build.0 = Debug|x64
		{7820CA12-6236-40DC-9CD7-9B57E7E128AF}.Debug|x86.ActiveCfg = Debug|x86
		{7820CA12-6236-40DC-9CD7-9B57E7E128AF}.Debug|x86.Build.0 = Debug|x86
		{7820CA12-6236-40DC-9CD7-9B57E7E128AF}.Release|ARM.ActiveCfg = Release|ARM
		{7820CA12-6236-40DC-9CD7-9B57E7E128AF}.Release|ARM.Build.0 = Release|ARM
		{7820CA12-6236-40DC-9CD7-9B57E7E128AF}.Release|x64.ActiveCfg = Release|x64
		{7820CA12-6236-40DC-9CD7-9B57E7E128AF}.Release|x64.Build.0 = Release|x64
		{7820CA12-6236-40DC-9CD7-9B57E7E128AF}.Release|x86.ActiveCfg = Release|x86
		{7820CA12-6236-40DC-9CD7-9B57E7E128AF}.Release|x86.Build.0 = Release|x86
	EndGlobalSection
	GlobalSection(SolutionProperties) = preSolution
		HideSolutionNode = FALSE
	EndGlobalSection
	GlobalSection(ExtensibilityGlobals) = postSolution
		SolutionGuid = {57C47DE5-5731-45D1-9D43-9D0151B1CCF6}
	EndGlobalSection
EndGlobal
